
Microsoft Visual Studio Solution File, Format Version 12.00
# Visual Studio Version 17
VisualStudioVersion = 17.14.36310.24 d17.14
MinimumVisualStudioVersion = 10.0.40219.1
Project("{FAE04EC0-301F-11D3-BF4B-00C04F79EFBC}") = "TransportManagement", "TransportManagement\TransportManagement.csproj", "{421E1EAA-7A88-4EED-9856-B705383464CA}"
EndProject
Project("{FAE04EC0-301F-11D3-BF4B-00C04F79EFBC}") = "Models", "Models\Models.csproj", "{7A8A5F95-C636-4F17-8D0C-8054FDF4EA6E}"
EndProject
Project("{FAE04EC0-301F-11D3-BF4B-00C04F79EFBC}") = "TransportRepository", "TransportRepository\TransportRepository.csproj", "{2A288C74-857C-4B2E-9624-7FB161679A15}"
EndProject
Global
	GlobalSection(SolutionConfigurationPlatforms) = preSolution
		Debug|Any CPU = Debug|Any CPU
		Release|Any CPU = Release|Any CPU
	EndGlobalSection
	GlobalSection(ProjectConfigurationPlatforms) = postSolution
		{421E1EAA-7A88-4EED-9856-B705383464CA}.Debug|Any CPU.ActiveCfg = Debug|Any CPU
		{421E1EAA-7A88-4EED-9856-B705383464CA}.Debug|Any CPU.Build.0 = Debug|Any CPU
		{421E1EAA-7A88-4EED-9856-B705383464CA}.Release|Any CPU.ActiveCfg = Release|Any CPU
		{421E1EAA-7A88-4EED-9856-B705383464CA}.Release|Any CPU.Build.0 = Release|Any CPU
		{7A8A5F95-C636-4F17-8D0C-8054FDF4EA6E}.Debug|Any CPU.ActiveCfg = Debug|Any CPU
		{7A8A5F95-C636-4F17-8D0C-8054FDF4EA6E}.Debug|Any CPU.Build.0 = Debug|Any CPU
		{7A8A5F95-C636-4F17-8D0C-8054FDF4EA6E}.Release|Any CPU.ActiveCfg = Release|Any CPU
		{7A8A5F95-C636-4F17-8D0C-8054FDF4EA6E}.Release|Any CPU.Build.0 = Release|Any CPU
		{2A288C74-857C-4B2E-9624-7FB161679A15}.Debug|Any CPU.ActiveCfg = Debug|Any CPU
		{2A288C74-857C-4B2E-9624-7FB161679A15}.Debug|Any CPU.Build.0 = Debug|Any CPU
		{2A288C74-857C-4B2E-9624-7FB161679A15}.Release|Any CPU.ActiveCfg = Release|Any CPU
		{2A288C74-857C-4B2E-9624-7FB161679A15}.Release|Any CPU.Build.0 = Release|Any CPU
	EndGlobalSection
	GlobalSection(SolutionProperties) = preSolution
		HideSolutionNode = FALSE
	EndGlobalSection
	GlobalSection(ExtensibilityGlobals) = postSolution
		SolutionGuid = {17BB4A5D-EA39-4DDC-A104-E6477B2F19C2}
	EndGlobalSection
EndGlobal
