Microsoft Visual Studio Solution File, Format Version 12.00
# Visual Studio Version 17
VisualStudioVersion = 17.5.2.0
MinimumVisualStudioVersion = 10.0.40219.1
Project("{2150E333-8FDC-42A3-9474-1A3956D46DE8}") = "DAY3", "DAY3", "{0D665604-C928-4F15-2E39-29EE6604C658}"
EndProject
Project("{FAE04EC0-301F-11D3-BF4B-00C04F79EFBC}") = "Constructor", "DAY3\Constructor\Constructor.csproj", "{00B10E95-E970-6EE2-051C-0585151E87AD}"
EndProject
Global
	GlobalSection(SolutionConfigurationPlatforms) = preSolution
		Debug|Any CPU = Debug|Any CPU
		Release|Any CPU = Release|Any CPU
	EndGlobalSection
	GlobalSection(ProjectConfigurationPlatforms) = postSolution
		{00B10E95-E970-6EE2-051C-0585151E87AD}.Debug|Any CPU.ActiveCfg = Debug|Any CPU
		{00B10E95-E970-6EE2-051C-0585151E87AD}.Debug|Any CPU.Build.0 = Debug|Any CPU
		{00B10E95-E970-6EE2-051C-0585151E87AD}.Release|Any CPU.ActiveCfg = Release|Any CPU
		{00B10E95-E970-6EE2-051C-0585151E87AD}.Release|Any CPU.Build.0 = Release|Any CPU
	EndGlobalSection
	GlobalSection(SolutionProperties) = preSolution
		HideSolutionNode = FALSE
	EndGlobalSection
	GlobalSection(NestedProjects) = preSolution
		{00B10E95-E970-6EE2-051C-0585151E87AD} = {0D665604-C928-4F15-2E39-29EE6604C658}
	EndGlobalSection
	GlobalSection(ExtensibilityGlobals) = postSolution
		SolutionGuid = {AF1B664D-C0F2-4AE8-8AE5-025A12CC2C8E}
	EndGlobalSection
EndGlobal
