
Microsoft Visual Studio Solution File, Format Version 12.00
# Visual Studio Version 17
VisualStudioVersion = 17.14.36310.24 d17.14
MinimumVisualStudioVersion = 10.0.40219.1
Project("{FAE04EC0-301F-11D3-BF4B-00C04F79EFBC}") = "HRISAPL", "HRISAPL\HRISAPL.csproj", "{CB71418E-4667-4A01-ACED-7DDC4B90590D}"
EndProject
Global
	GlobalSection(SolutionConfigurationPlatforms) = preSolution
		Debug|Any CPU = Debug|Any CPU
		Release|Any CPU = Release|Any CPU
	EndGlobalSection
	GlobalSection(ProjectConfigurationPlatforms) = postSolution
		{CB71418E-4667-4A01-ACED-7DDC4B90590D}.Debug|Any CPU.ActiveCfg = Debug|Any CPU
		{CB71418E-4667-4A01-ACED-7DDC4B90590D}.Debug|Any CPU.Build.0 = Debug|Any CPU
		{CB71418E-4667-4A01-ACED-7DDC4B90590D}.Release|Any CPU.ActiveCfg = Release|Any CPU
		{CB71418E-4667-4A01-ACED-7DDC4B90590D}.Release|Any CPU.Build.0 = Release|Any CPU
	EndGlobalSection
	GlobalSection(SolutionProperties) = preSolution
		HideSolutionNode = FALSE
	EndGlobalSection
	GlobalSection(ExtensibilityGlobals) = postSolution
		SolutionGuid = {66D7DC8F-DF44-4562-B3A5-3F05651B0682}
	EndGlobalSection
EndGlobal
