Microsoft Visual Studio Solution File, Format Version 12.00
# Visual Studio Version 17
VisualStudioVersion = 17.5.2.0
MinimumVisualStudioVersion = 10.0.40219.1
Project("{FAE04EC0-301F-11D3-BF4B-00C04F79EFBC}") = "ProfileBook.Api", "ProfileBook.Api.csproj", "{67F75C72-F5FC-B3D0-B71C-5A5E72B76D7B}"
EndProject
Global
	GlobalSection(SolutionConfigurationPlatforms) = preSolution
		Debug|Any CPU = Debug|Any CPU
		Release|Any CPU = Release|Any CPU
	EndGlobalSection
	GlobalSection(ProjectConfigurationPlatforms) = postSolution
		{67F75C72-F5FC-B3D0-B71C-5A5E72B76D7B}.Debug|Any CPU.ActiveCfg = Debug|Any CPU
		{67F75C72-F5FC-B3D0-B71C-5A5E72B76D7B}.Debug|Any CPU.Build.0 = Debug|Any CPU
		{67F75C72-F5FC-B3D0-B71C-5A5E72B76D7B}.Release|Any CPU.ActiveCfg = Release|Any CPU
		{67F75C72-F5FC-B3D0-B71C-5A5E72B76D7B}.Release|Any CPU.Build.0 = Release|Any CPU
	EndGlobalSection
	GlobalSection(SolutionProperties) = preSolution
		HideSolutionNode = FALSE
	EndGlobalSection
	GlobalSection(ExtensibilityGlobals) = postSolution
		SolutionGuid = {7CE41A2B-B36D-4A01-BFEF-FD827DEA8085}
	EndGlobalSection
EndGlobal
